// !$*UTF8*$!
{
	archiveVersion = 1;
	classes = {
	};
	objectVersion = 77;
	objects = {

/* Begin PBXBuildFile section */
		00EBE8E62FAC375AD2C7658E /* NeutrinoCalendarApp.swift in Sources */ = {isa = PBXBuildFile; fileRef = 9F107C6753FB215BC748436F /* NeutrinoCalendarApp.swift */; };
		0676DD5149C91D16742C6888 /* CalendarHomeView.swift in Sources */ = {isa = PBXBuildFile; fileRef = D89A3DFB69E200B10100334B /* CalendarHomeView.swift */; };
		082FA015FA09705307B9433E /* EventFormattingTests.swift in Sources */ = {isa = PBXBuildFile; fileRef = B16693C09CE138A29CFABC67 /* EventFormattingTests.swift */; };
		0A0A40C0E15320CE243BE85F /* Assets.xcassets in Resources */ = {isa = PBXBuildFile; fileRef = 43C00B52838A7AFAF0C5E886 /* Assets.xcassets */; };
		101C307335FCB9729DE1B9A0 /* NeutrinoUI in Frameworks */ = {isa = PBXBuildFile; productRef = B6A55CBE3D0012AE9B33EF9B /* NeutrinoUI */; };
		16C755BEBBF485E02AC11BBA /* ReportBugButton.swift in Sources */ = {isa = PBXBuildFile; fileRef = 67EFAE492E04F1B11E3ECB1F /* ReportBugButton.swift */; };
		1730682EA0927D596894B371 /* EventFormatting.swift in Sources */ = {isa = PBXBuildFile; fileRef = BC947A8E718E9A7AF73F2948 /* EventFormatting.swift */; };
		175C2F5368539AFDF8736052 /* LayoutDensity.swift in Sources */ = {isa = PBXBuildFile; fileRef = 490A8B38BE42B3A0CA896E7D /* LayoutDensity.swift */; };
		216B495840031C364AA27AA8 /* CalendarAPIClient.swift in Sources */ = {isa = PBXBuildFile; fileRef = 4F6430EFD70E985D399B1476 /* CalendarAPIClient.swift */; };
		240A245C238F2E043B095B2B /* SettingsView.swift in Sources */ = {isa = PBXBuildFile; fileRef = 71F01651465650162BC2F2D2 /* SettingsView.swift */; };
		3AE4B0D60924110337847720 /* RecurrenceExpander.swift in Sources */ = {isa = PBXBuildFile; fileRef = 1C1C7349A57E84E17BFF7AC8 /* RecurrenceExpander.swift */; };
		3B61A13A72495542504CDF21 /* BugReportTests.swift in Sources */ = {isa = PBXBuildFile; fileRef = C46C51EF8C7099A547126BDE /* BugReportTests.swift */; };
		5EBF4EA6CF088726E7A41451 /* EventsServiceTests.swift in Sources */ = {isa = PBXBuildFile; fileRef = 5A281BD4B657497CE07EBFAC /* EventsServiceTests.swift */; };
		671AF38F9622807DFDA6C815 /* TasksTests.swift in Sources */ = {isa = PBXBuildFile; fileRef = 0767A221BAF9267CB006DF90 /* TasksTests.swift */; };
		70F1404E68D09A46484FF0AB /* ReminderEditorView.swift in Sources */ = {isa = PBXBuildFile; fileRef = 79D89564AE658A8C52AD139C /* ReminderEditorView.swift */; };
		71D4D91C3E07AF4C80CC3113 /* RecurrenceVectorTests.swift in Sources */ = {isa = PBXBuildFile; fileRef = B09F49EEF828DDB98D349D7E /* RecurrenceVectorTests.swift */; };
		765A7E7BAAF9CE6403CFA4F3 /* RemindersTests.swift in Sources */ = {isa = PBXBuildFile; fileRef = 915FD92FC8610DB35F3A8B21 /* RemindersTests.swift */; };
		77A6C6B469F1185638B8B331 /* EventDayRange.swift in Sources */ = {isa = PBXBuildFile; fileRef = 20EDA0EACE6992F2FC049EE0 /* EventDayRange.swift */; };
		784A3DDD5D2FC65E8E455585 /* SmartAddTests.swift in Sources */ = {isa = PBXBuildFile; fileRef = ACFDF4594D21CDFB2F00656B /* SmartAddTests.swift */; };
		7BDC20B6A2CB8D163F024473 /* CalendarTask.swift in Sources */ = {isa = PBXBuildFile; fileRef = 150DFA50DDF60C916D2FCCED /* CalendarTask.swift */; };
		7FD9A1735D851340830F7490 /* RecurrenceRuleTests.swift in Sources */ = {isa = PBXBuildFile; fileRef = 86788AFAA2E18F0B6099FD11 /* RecurrenceRuleTests.swift */; };
		874A38B058E80642C4C3A21C /* ContentView.swift in Sources */ = {isa = PBXBuildFile; fileRef = 8A2816EB0C95053AA2FD1786 /* ContentView.swift */; };
		9451784E61800ADDF6710912 /* TasksView.swift in Sources */ = {isa = PBXBuildFile; fileRef = 55F2774A3BB0925BE5BD15BD /* TasksView.swift */; };
		957F4627DE2B1CB6D04369B2 /* Reminder.swift in Sources */ = {isa = PBXBuildFile; fileRef = ECD9C02C8864B4B10473B631 /* Reminder.swift */; };
		98CF3843239229D4A91C06FE /* FeatureFlags.swift in Sources */ = {isa = PBXBuildFile; fileRef = 0A14F821F815BC8BE459D4FD /* FeatureFlags.swift */; };
		9FF05423B33C66F617262BFE /* recurrence_vectors.json in Resources */ = {isa = PBXBuildFile; fileRef = 248A092CAEDBF458C048DFB9 /* recurrence_vectors.json */; };
		A1BC296C04C096D30DDB10D0 /* CalendarAPIClientTests.swift in Sources */ = {isa = PBXBuildFile; fileRef = E6F379406268C4D60144F0E7 /* CalendarAPIClientTests.swift */; };
		A3D0B335FAD40146CF132959 /* NeutrinoAuth in Frameworks */ = {isa = PBXBuildFile; productRef = 20CD14C92E6EF8CD50ABD24A /* NeutrinoAuth */; };
		A5FCC459A9131754274358E7 /* TasksService.swift in Sources */ = {isa = PBXBuildFile; fileRef = 067E87FA2C75EC745A3F82FA /* TasksService.swift */; };
		A81C3F8A5773B80E7E9477E5 /* SmartAdd.swift in Sources */ = {isa = PBXBuildFile; fileRef = AD07754105D0A9CB9E89921D /* SmartAdd.swift */; };
		AB327C16308E794406C20D22 /* EventsService.swift in Sources */ = {isa = PBXBuildFile; fileRef = 402CB7B696143E158856C7A5 /* EventsService.swift */; };
		B369D156C68834BA940B1EBA /* NeutrinoCore in Frameworks */ = {isa = PBXBuildFile; productRef = F09C72A306B3DB398526B07D /* NeutrinoCore */; };
		BC5706B07A013E0706F12E5F /* RemindersService.swift in Sources */ = {isa = PBXBuildFile; fileRef = C4F1400EBAE4528B0D3405FC /* RemindersService.swift */; };
		CC5E7C15E44BB0F75D730D6A /* smart_add_vectors.json in Resources */ = {isa = PBXBuildFile; fileRef = FCB92F8071B9266B8D136244 /* smart_add_vectors.json */; };
		CD2B4B3E30E36CED86A919D9 /* EventDetailView.swift in Sources */ = {isa = PBXBuildFile; fileRef = 9B85BBF3019849DB6C249586 /* EventDetailView.swift */; };
		D297666923D9531EE9864452 /* CalendarEvent.swift in Sources */ = {isa = PBXBuildFile; fileRef = D404E4B379B9B1C390678844 /* CalendarEvent.swift */; };
		D68AF1D61B7C7F02C156FCD1 /* TaskDetailView.swift in Sources */ = {isa = PBXBuildFile; fileRef = E612AF342FB4C7B8BF283A61 /* TaskDetailView.swift */; };
		DD50BED57084E2E59D26442D /* LayoutDensityTests.swift in Sources */ = {isa = PBXBuildFile; fileRef = 496AD4C372FDBCEA42A1058D /* LayoutDensityTests.swift */; };
		F6ADC217B1361807D95ACDF8 /* EmptyStateView.swift in Sources */ = {isa = PBXBuildFile; fileRef = 21A9EFBB2401A485FDF66F63 /* EmptyStateView.swift */; };
		F6EA0529863731CFC62E1A4E /* RemindersView.swift in Sources */ = {isa = PBXBuildFile; fileRef = 1DF1E6AE9CD328CA8249AF97 /* RemindersView.swift */; };
/* End PBXBuildFile section */

/* Begin PBXContainerItemProxy section */
		3B905B7373D2F1110E8ED3AC /* PBXContainerItemProxy */ = {
			isa = PBXContainerItemProxy;
			containerPortal = 1AC725E055985010D617B1F9 /* Project object */;
			proxyType = 1;
			remoteGlobalIDString = 6CA8BC6222D19E26DE2A5686;
			remoteInfo = NeutrinoCalendar;
		};
/* End PBXContainerItemProxy section */

/* Begin PBXFileReference section */
		067E87FA2C75EC745A3F82FA /* TasksService.swift */ = {isa = PBXFileReference; lastKnownFileType = sourcecode.swift; path = TasksService.swift; sourceTree = "<group>"; };
		06F09C55970CC10BED9DB140 /* NeutrinoCalendarTests.xctest */ = {isa = PBXFileReference; includeInIndex = 0; lastKnownFileType = wrapper.cfbundle; path = NeutrinoCalendarTests.xctest; sourceTree = BUILT_PRODUCTS_DIR; };
		0767A221BAF9267CB006DF90 /* TasksTests.swift */ = {isa = PBXFileReference; lastKnownFileType = sourcecode.swift; path = TasksTests.swift; sourceTree = "<group>"; };
		0A14F821F815BC8BE459D4FD /* FeatureFlags.swift */ = {isa = PBXFileReference; lastKnownFileType = sourcecode.swift; path = FeatureFlags.swift; sourceTree = "<group>"; };
		0B640AC312063BA4DD3BCBC5 /* NeutrinoCalendar.entitlements */ = {isa = PBXFileReference; lastKnownFileType = text.plist.entitlements; path = NeutrinoCalendar.entitlements; sourceTree = "<group>"; };
		14BCF32FA6983DA545B86C03 /* NeutrinoCalendar.app */ = {isa = PBXFileReference; includeInIndex = 0; lastKnownFileType = wrapper.application; path = NeutrinoCalendar.app; sourceTree = BUILT_PRODUCTS_DIR; };
		150DFA50DDF60C916D2FCCED /* CalendarTask.swift */ = {isa = PBXFileReference; lastKnownFileType = sourcecode.swift; path = CalendarTask.swift; sourceTree = "<group>"; };
		1C1C7349A57E84E17BFF7AC8 /* RecurrenceExpander.swift */ = {isa = PBXFileReference; lastKnownFileType = sourcecode.swift; path = RecurrenceExpander.swift; sourceTree = "<group>"; };
		1DF1E6AE9CD328CA8249AF97 /* RemindersView.swift */ = {isa = PBXFileReference; lastKnownFileType = sourcecode.swift; path = RemindersView.swift; sourceTree = "<group>"; };
		20EDA0EACE6992F2FC049EE0 /* EventDayRange.swift */ = {isa = PBXFileReference; lastKnownFileType = sourcecode.swift; path = EventDayRange.swift; sourceTree = "<group>"; };
		21A9EFBB2401A485FDF66F63 /* EmptyStateView.swift */ = {isa = PBXFileReference; lastKnownFileType = sourcecode.swift; path = EmptyStateView.swift; sourceTree = "<group>"; };
		248A092CAEDBF458C048DFB9 /* recurrence_vectors.json */ = {isa = PBXFileReference; lastKnownFileType = text.json; path = recurrence_vectors.json; sourceTree = "<group>"; };
		402CB7B696143E158856C7A5 /* EventsService.swift */ = {isa = PBXFileReference; lastKnownFileType = sourcecode.swift; path = EventsService.swift; sourceTree = "<group>"; };
		43C00B52838A7AFAF0C5E886 /* Assets.xcassets */ = {isa = PBXFileReference; lastKnownFileType = folder.assetcatalog; path = Assets.xcassets; sourceTree = "<group>"; };
		490A8B38BE42B3A0CA896E7D /* LayoutDensity.swift */ = {isa = PBXFileReference; lastKnownFileType = sourcecode.swift; path = LayoutDensity.swift; sourceTree = "<group>"; };
		496AD4C372FDBCEA42A1058D /* LayoutDensityTests.swift */ = {isa = PBXFileReference; lastKnownFileType = sourcecode.swift; path = LayoutDensityTests.swift; sourceTree = "<group>"; };
		4F6430EFD70E985D399B1476 /* CalendarAPIClient.swift */ = {isa = PBXFileReference; lastKnownFileType = sourcecode.swift; path = CalendarAPIClient.swift; sourceTree = "<group>"; };
		52ECFC092015E613479B752B /* Info.plist */ = {isa = PBXFileReference; lastKnownFileType = text.plist; path = Info.plist; sourceTree = "<group>"; };
		55F2774A3BB0925BE5BD15BD /* TasksView.swift */ = {isa = PBXFileReference; lastKnownFileType = sourcecode.swift; path = TasksView.swift; sourceTree = "<group>"; };
		5A281BD4B657497CE07EBFAC /* EventsServiceTests.swift */ = {isa = PBXFileReference; lastKnownFileType = sourcecode.swift; path = EventsServiceTests.swift; sourceTree = "<group>"; };
		67EFAE492E04F1B11E3ECB1F /* ReportBugButton.swift */ = {isa = PBXFileReference; lastKnownFileType = sourcecode.swift; path = ReportBugButton.swift; sourceTree = "<group>"; };
		6AA039A95308F78DCEA000F4 /* neutrino_shared_ios */ = {isa = PBXFileReference; lastKnownFileType = folder; name = neutrino_shared_ios; path = ../neutrino_shared_ios; sourceTree = SOURCE_ROOT; };
		71F01651465650162BC2F2D2 /* SettingsView.swift */ = {isa = PBXFileReference; lastKnownFileType = sourcecode.swift; path = SettingsView.swift; sourceTree = "<group>"; };
		79D89564AE658A8C52AD139C /* ReminderEditorView.swift */ = {isa = PBXFileReference; lastKnownFileType = sourcecode.swift; path = ReminderEditorView.swift; sourceTree = "<group>"; };
		86788AFAA2E18F0B6099FD11 /* RecurrenceRuleTests.swift */ = {isa = PBXFileReference; lastKnownFileType = sourcecode.swift; path = RecurrenceRuleTests.swift; sourceTree = "<group>"; };
		8A2816EB0C95053AA2FD1786 /* ContentView.swift */ = {isa = PBXFileReference; lastKnownFileType = sourcecode.swift; path = ContentView.swift; sourceTree = "<group>"; };
		915FD92FC8610DB35F3A8B21 /* RemindersTests.swift */ = {isa = PBXFileReference; lastKnownFileType = sourcecode.swift; path = RemindersTests.swift; sourceTree = "<group>"; };
		9B85BBF3019849DB6C249586 /* EventDetailView.swift */ = {isa = PBXFileReference; lastKnownFileType = sourcecode.swift; path = EventDetailView.swift; sourceTree = "<group>"; };
		9F107C6753FB215BC748436F /* NeutrinoCalendarApp.swift */ = {isa = PBXFileReference; lastKnownFileType = sourcecode.swift; path = NeutrinoCalendarApp.swift; sourceTree = "<group>"; };
		ACFDF4594D21CDFB2F00656B /* SmartAddTests.swift */ = {isa = PBXFileReference; lastKnownFileType = sourcecode.swift; path = SmartAddTests.swift; sourceTree = "<group>"; };
		AD07754105D0A9CB9E89921D /* SmartAdd.swift */ = {isa = PBXFileReference; lastKnownFileType = sourcecode.swift; path = SmartAdd.swift; sourceTree = "<group>"; };
		B09F49EEF828DDB98D349D7E /* RecurrenceVectorTests.swift */ = {isa = PBXFileReference; lastKnownFileType = sourcecode.swift; path = RecurrenceVectorTests.swift; sourceTree = "<group>"; };
		B16693C09CE138A29CFABC67 /* EventFormattingTests.swift */ = {isa = PBXFileReference; lastKnownFileType = sourcecode.swift; path = EventFormattingTests.swift; sourceTree = "<group>"; };
		BC947A8E718E9A7AF73F2948 /* EventFormatting.swift */ = {isa = PBXFileReference; lastKnownFileType = sourcecode.swift; path = EventFormatting.swift; sourceTree = "<group>"; };
		C46C51EF8C7099A547126BDE /* BugReportTests.swift */ = {isa = PBXFileReference; lastKnownFileType = sourcecode.swift; path = BugReportTests.swift; sourceTree = "<group>"; };
		C4F1400EBAE4528B0D3405FC /* RemindersService.swift */ = {isa = PBXFileReference; lastKnownFileType = sourcecode.swift; path = RemindersService.swift; sourceTree = "<group>"; };
		D404E4B379B9B1C390678844 /* CalendarEvent.swift */ = {isa = PBXFileReference; lastKnownFileType = sourcecode.swift; path = CalendarEvent.swift; sourceTree = "<group>"; };
		D89A3DFB69E200B10100334B /* CalendarHomeView.swift */ = {isa = PBXFileReference; lastKnownFileType = sourcecode.swift; path = CalendarHomeView.swift; sourceTree = "<group>"; };
		E612AF342FB4C7B8BF283A61 /* TaskDetailView.swift */ = {isa = PBXFileReference; lastKnownFileType = sourcecode.swift; path = TaskDetailView.swift; sourceTree = "<group>"; };
		E6F379406268C4D60144F0E7 /* CalendarAPIClientTests.swift */ = {isa = PBXFileReference; lastKnownFileType = sourcecode.swift; path = CalendarAPIClientTests.swift; sourceTree = "<group>"; };
		ECD9C02C8864B4B10473B631 /* Reminder.swift */ = {isa = PBXFileReference; lastKnownFileType = sourcecode.swift; path = Reminder.swift; sourceTree = "<group>"; };
		FCB92F8071B9266B8D136244 /* smart_add_vectors.json */ = {isa = PBXFileReference; lastKnownFileType = text.json; path = smart_add_vectors.json; sourceTree = "<group>"; };
/* End PBXFileReference section */

/* Begin PBXFrameworksBuildPhase section */
		A1A23343A334E415B4C2B8FA /* Frameworks */ = {
			isa = PBXFrameworksBuildPhase;
			buildActionMask = 2147483647;
			files = (
				B369D156C68834BA940B1EBA /* NeutrinoCore in Frameworks */,
				A3D0B335FAD40146CF132959 /* NeutrinoAuth in Frameworks */,
				101C307335FCB9729DE1B9A0 /* NeutrinoUI in Frameworks */,
			);
			runOnlyForDeploymentPostprocessing = 0;
		};
/* End PBXFrameworksBuildPhase section */

/* Begin PBXGroup section */
		006ED6B81F30A8DDB250499A /* Services */ = {
			isa = PBXGroup;
			children = (
				4F6430EFD70E985D399B1476 /* CalendarAPIClient.swift */,
				402CB7B696143E158856C7A5 /* EventsService.swift */,
				C4F1400EBAE4528B0D3405FC /* RemindersService.swift */,
				067E87FA2C75EC745A3F82FA /* TasksService.swift */,
			);
			path = Services;
			sourceTree = "<group>";
		};
		10DA6D412B7992C8A6D00417 /* Products */ = {
			isa = PBXGroup;
			children = (
				14BCF32FA6983DA545B86C03 /* NeutrinoCalendar.app */,
				06F09C55970CC10BED9DB140 /* NeutrinoCalendarTests.xctest */,
			);
			name = Products;
			sourceTree = "<group>";
		};
		1EAEAF68E5F1A9A8C8B269A6 /* Fixtures */ = {
			isa = PBXGroup;
			children = (
				248A092CAEDBF458C048DFB9 /* recurrence_vectors.json */,
				FCB92F8071B9266B8D136244 /* smart_add_vectors.json */,
			);
			path = Fixtures;
			sourceTree = "<group>";
		};
		675FEA0383CDC8EAA8186636 /* Views */ = {
			isa = PBXGroup;
			children = (
				D89A3DFB69E200B10100334B /* CalendarHomeView.swift */,
				21A9EFBB2401A485FDF66F63 /* EmptyStateView.swift */,
				9B85BBF3019849DB6C249586 /* EventDetailView.swift */,
				BC947A8E718E9A7AF73F2948 /* EventFormatting.swift */,
				79D89564AE658A8C52AD139C /* ReminderEditorView.swift */,
				1DF1E6AE9CD328CA8249AF97 /* RemindersView.swift */,
				67EFAE492E04F1B11E3ECB1F /* ReportBugButton.swift */,
				71F01651465650162BC2F2D2 /* SettingsView.swift */,
				E612AF342FB4C7B8BF283A61 /* TaskDetailView.swift */,
				55F2774A3BB0925BE5BD15BD /* TasksView.swift */,
			);
			path = Views;
			sourceTree = "<group>";
		};
		7260266030A46FB9BBC4A3B9 /* NeutrinoCalendar */ = {
			isa = PBXGroup;
			children = (
				43C00B52838A7AFAF0C5E886 /* Assets.xcassets */,
				8A2816EB0C95053AA2FD1786 /* ContentView.swift */,
				52ECFC092015E613479B752B /* Info.plist */,
				0B640AC312063BA4DD3BCBC5 /* NeutrinoCalendar.entitlements */,
				9F107C6753FB215BC748436F /* NeutrinoCalendarApp.swift */,
				D9599FEE6F6C49E9554C0982 /* Config */,
				9E73E7EACF6DE63CF5435323 /* Models */,
				006ED6B81F30A8DDB250499A /* Services */,
				675FEA0383CDC8EAA8186636 /* Views */,
			);
			path = NeutrinoCalendar;
			sourceTree = "<group>";
		};
		9E73E7EACF6DE63CF5435323 /* Models */ = {
			isa = PBXGroup;
			children = (
				D404E4B379B9B1C390678844 /* CalendarEvent.swift */,
				150DFA50DDF60C916D2FCCED /* CalendarTask.swift */,
				20EDA0EACE6992F2FC049EE0 /* EventDayRange.swift */,
				1C1C7349A57E84E17BFF7AC8 /* RecurrenceExpander.swift */,
				ECD9C02C8864B4B10473B631 /* Reminder.swift */,
				AD07754105D0A9CB9E89921D /* SmartAdd.swift */,
			);
			path = Models;
			sourceTree = "<group>";
		};
		A0E9959039F2B36918805844 /* NeutrinoCalendarTests */ = {
			isa = PBXGroup;
			children = (
				C46C51EF8C7099A547126BDE /* BugReportTests.swift */,
				E6F379406268C4D60144F0E7 /* CalendarAPIClientTests.swift */,
				B16693C09CE138A29CFABC67 /* EventFormattingTests.swift */,
				5A281BD4B657497CE07EBFAC /* EventsServiceTests.swift */,
				496AD4C372FDBCEA42A1058D /* LayoutDensityTests.swift */,
				86788AFAA2E18F0B6099FD11 /* RecurrenceRuleTests.swift */,
				B09F49EEF828DDB98D349D7E /* RecurrenceVectorTests.swift */,
				915FD92FC8610DB35F3A8B21 /* RemindersTests.swift */,
				ACFDF4594D21CDFB2F00656B /* SmartAddTests.swift */,
				0767A221BAF9267CB006DF90 /* TasksTests.swift */,
				1EAEAF68E5F1A9A8C8B269A6 /* Fixtures */,
			);
			path = NeutrinoCalendarTests;
			sourceTree = "<group>";
		};
		CF53E97910E0B20308303BEC = {
			isa = PBXGroup;
			children = (
				7260266030A46FB9BBC4A3B9 /* NeutrinoCalendar */,
				A0E9959039F2B36918805844 /* NeutrinoCalendarTests */,
				DACDF2ABC700050FDFADD53C /* Packages */,
				10DA6D412B7992C8A6D00417 /* Products */,
			);
			sourceTree = "<group>";
		};
		D9599FEE6F6C49E9554C0982 /* Config */ = {
			isa = PBXGroup;
			children = (
				0A14F821F815BC8BE459D4FD /* FeatureFlags.swift */,
				490A8B38BE42B3A0CA896E7D /* LayoutDensity.swift */,
			);
			path = Config;
			sourceTree = "<group>";
		};
		DACDF2ABC700050FDFADD53C /* Packages */ = {
			isa = PBXGroup;
			children = (
				6AA039A95308F78DCEA000F4 /* neutrino_shared_ios */,
			);
			name = Packages;
			sourceTree = "<group>";
		};
/* End PBXGroup section */

/* Begin PBXNativeTarget section */
		6CA8BC6222D19E26DE2A5686 /* NeutrinoCalendar */ = {
			isa = PBXNativeTarget;
			buildConfigurationList = C080798282A5FEA39856C068 /* Build configuration list for PBXNativeTarget "NeutrinoCalendar" */;
			buildPhases = (
				1F29DDAF591949FDA0F8008A /* Sources */,
				18A6C4BC4DAF9A6CFDACDA13 /* Resources */,
				A1A23343A334E415B4C2B8FA /* Frameworks */,
			);
			buildRules = (
			);
			dependencies = (
			);
			name = NeutrinoCalendar;
			packageProductDependencies = (
				F09C72A306B3DB398526B07D /* NeutrinoCore */,
				20CD14C92E6EF8CD50ABD24A /* NeutrinoAuth */,
				B6A55CBE3D0012AE9B33EF9B /* NeutrinoUI */,
			);
			productName = NeutrinoCalendar;
			productReference = 14BCF32FA6983DA545B86C03 /* NeutrinoCalendar.app */;
			productType = "com.apple.product-type.application";
		};
		9C0A9E558F9867F0D035941B /* NeutrinoCalendarTests */ = {
			isa = PBXNativeTarget;
			buildConfigurationList = C27DA49D044B9F911C07865B /* Build configuration list for PBXNativeTarget "NeutrinoCalendarTests" */;
			buildPhases = (
				88C198237CFFDA7661F6D4AE /* Sources */,
				8A2A5850C3FFE3239220E312 /* Resources */,
			);
			buildRules = (
			);
			dependencies = (
				032F5EAA1F252AB33F3A8621 /* PBXTargetDependency */,
			);
			name = NeutrinoCalendarTests;
			packageProductDependencies = (
			);
			productName = NeutrinoCalendarTests;
			productReference = 06F09C55970CC10BED9DB140 /* NeutrinoCalendarTests.xctest */;
			productType = "com.apple.product-type.bundle.unit-test";
		};
/* End PBXNativeTarget section */

/* Begin PBXProject section */
		1AC725E055985010D617B1F9 /* Project object */ = {
			isa = PBXProject;
			attributes = {
				BuildIndependentTargetsInParallel = YES;
				LastUpgradeCheck = 1600;
				TargetAttributes = {
					6CA8BC6222D19E26DE2A5686 = {
						DevelopmentTeam = 46KWJJ63FU;
						ProvisioningStyle = Automatic;
					};
				};
			};
			buildConfigurationList = 5F7C3E50A1CF18DB0255EFF4 /* Build configuration list for PBXProject "NeutrinoCalendar" */;
			compatibilityVersion = "Xcode 14.0";
			developmentRegion = en;
			hasScannedForEncodings = 0;
			knownRegions = (
				Base,
				en,
			);
			mainGroup = CF53E97910E0B20308303BEC;
			minimizedProjectReferenceProxies = 1;
			packageReferences = (
				D09EC7B28C029B28E9AF885F /* XCLocalSwiftPackageReference "../neutrino_shared_ios" */,
			);
			preferredProjectObjectVersion = 77;
			projectDirPath = "";
			projectRoot = "";
			targets = (
				6CA8BC6222D19E26DE2A5686 /* NeutrinoCalendar */,
				9C0A9E558F9867F0D035941B /* NeutrinoCalendarTests */,
			);
		};
/* End PBXProject section */

/* Begin PBXResourcesBuildPhase section */
		18A6C4BC4DAF9A6CFDACDA13 /* Resources */ = {
			isa = PBXResourcesBuildPhase;
			buildActionMask = 2147483647;
			files = (
				0A0A40C0E15320CE243BE85F /* Assets.xcassets in Resources */,
			);
			runOnlyForDeploymentPostprocessing = 0;
		};
		8A2A5850C3FFE3239220E312 /* Resources */ = {
			isa = PBXResourcesBuildPhase;
			buildActionMask = 2147483647;
			files = (
				9FF05423B33C66F617262BFE /* recurrence_vectors.json in Resources */,
				CC5E7C15E44BB0F75D730D6A /* smart_add_vectors.json in Resources */,
			);
			runOnlyForDeploymentPostprocessing = 0;
		};
/* End PBXResourcesBuildPhase section */

/* Begin PBXSourcesBuildPhase section */
		1F29DDAF591949FDA0F8008A /* Sources */ = {
			isa = PBXSourcesBuildPhase;
			buildActionMask = 2147483647;
			files = (
				216B495840031C364AA27AA8 /* CalendarAPIClient.swift in Sources */,
				D297666923D9531EE9864452 /* CalendarEvent.swift in Sources */,
				0676DD5149C91D16742C6888 /* CalendarHomeView.swift in Sources */,
				7BDC20B6A2CB8D163F024473 /* CalendarTask.swift in Sources */,
				874A38B058E80642C4C3A21C /* ContentView.swift in Sources */,
				F6ADC217B1361807D95ACDF8 /* EmptyStateView.swift in Sources */,
				77A6C6B469F1185638B8B331 /* EventDayRange.swift in Sources */,
				CD2B4B3E30E36CED86A919D9 /* EventDetailView.swift in Sources */,
				1730682EA0927D596894B371 /* EventFormatting.swift in Sources */,
				AB327C16308E794406C20D22 /* EventsService.swift in Sources */,
				98CF3843239229D4A91C06FE /* FeatureFlags.swift in Sources */,
				175C2F5368539AFDF8736052 /* LayoutDensity.swift in Sources */,
				00EBE8E62FAC375AD2C7658E /* NeutrinoCalendarApp.swift in Sources */,
				3AE4B0D60924110337847720 /* RecurrenceExpander.swift in Sources */,
				957F4627DE2B1CB6D04369B2 /* Reminder.swift in Sources */,
				70F1404E68D09A46484FF0AB /* ReminderEditorView.swift in Sources */,
				BC5706B07A013E0706F12E5F /* RemindersService.swift in Sources */,
				F6EA0529863731CFC62E1A4E /* RemindersView.swift in Sources */,
				16C755BEBBF485E02AC11BBA /* ReportBugButton.swift in Sources */,
				240A245C238F2E043B095B2B /* SettingsView.swift in Sources */,
				A81C3F8A5773B80E7E9477E5 /* SmartAdd.swift in Sources */,
				D68AF1D61B7C7F02C156FCD1 /* TaskDetailView.swift in Sources */,
				A5FCC459A9131754274358E7 /* TasksService.swift in Sources */,
				9451784E61800ADDF6710912 /* TasksView.swift in Sources */,
			);
			runOnlyForDeploymentPostprocessing = 0;
		};
		88C198237CFFDA7661F6D4AE /* Sources */ = {
			isa = PBXSourcesBuildPhase;
			buildActionMask = 2147483647;
			files = (
				3B61A13A72495542504CDF21 /* BugReportTests.swift in Sources */,
				A1BC296C04C096D30DDB10D0 /* CalendarAPIClientTests.swift in Sources */,
				082FA015FA09705307B9433E /* EventFormattingTests.swift in Sources */,
				5EBF4EA6CF088726E7A41451 /* EventsServiceTests.swift in Sources */,
				DD50BED57084E2E59D26442D /* LayoutDensityTests.swift in Sources */,
				7FD9A1735D851340830F7490 /* RecurrenceRuleTests.swift in Sources */,
				71D4D91C3E07AF4C80CC3113 /* RecurrenceVectorTests.swift in Sources */,
				765A7E7BAAF9CE6403CFA4F3 /* RemindersTests.swift in Sources */,
				784A3DDD5D2FC65E8E455585 /* SmartAddTests.swift in Sources */,
				671AF38F9622807DFDA6C815 /* TasksTests.swift in Sources */,
			);
			runOnlyForDeploymentPostprocessing = 0;
		};
/* End PBXSourcesBuildPhase section */

/* Begin PBXTargetDependency section */
		032F5EAA1F252AB33F3A8621 /* PBXTargetDependency */ = {
			isa = PBXTargetDependency;
			target = 6CA8BC6222D19E26DE2A5686 /* NeutrinoCalendar */;
			targetProxy = 3B905B7373D2F1110E8ED3AC /* PBXContainerItemProxy */;
		};
/* End PBXTargetDependency section */

/* Begin XCBuildConfiguration section */
		28243D214E52185804E5059E /* Debug */ = {
			isa = XCBuildConfiguration;
			buildSettings = {
				BUNDLE_LOADER = "$(TEST_HOST)";
				GENERATE_INFOPLIST_FILE = YES;
				IPHONEOS_DEPLOYMENT_TARGET = 16.0;
				LD_RUNPATH_SEARCH_PATHS = (
					"$(inherited)",
					"@executable_path/Frameworks",
					"@loader_path/Frameworks",
				);
				PRODUCT_BUNDLE_IDENTIFIER = com.neutrino.NeutrinoCalendarTests;
				SDKROOT = iphoneos;
				SWIFT_STRICT_CONCURRENCY = minimal;
				SWIFT_VERSION = 5.0;
				TARGETED_DEVICE_FAMILY = "1,2";
				TEST_HOST = "$(BUILT_PRODUCTS_DIR)/NeutrinoCalendar.app/NeutrinoCalendar";
			};
			name = Debug;
		};
		57E95955FFC2830E8346916C /* Debug */ = {
			isa = XCBuildConfiguration;
			buildSettings = {
				ALWAYS_SEARCH_USER_PATHS = NO;
				CLANG_ANALYZER_NONNULL = YES;
				CLANG_ANALYZER_NUMBER_OBJECT_CONVERSION = YES_AGGRESSIVE;
				CLANG_CXX_LANGUAGE_STANDARD = "gnu++14";
				CLANG_CXX_LIBRARY = "libc++";
				CLANG_ENABLE_MODULES = YES;
				CLANG_ENABLE_OBJC_ARC = YES;
				CLANG_ENABLE_OBJC_WEAK = YES;
				CLANG_WARN_BLOCK_CAPTURE_AUTORELEASING = YES;
				CLANG_WARN_BOOL_CONVERSION = YES;
				CLANG_WARN_COMMA = YES;
				CLANG_WARN_CONSTANT_CONVERSION = YES;
				CLANG_WARN_DEPRECATED_OBJC_IMPLEMENTATIONS = YES;
				CLANG_WARN_DIRECT_OBJC_ISA_USAGE = YES_ERROR;
				CLANG_WARN_DOCUMENTATION_COMMENTS = YES;
				CLANG_WARN_EMPTY_BODY = YES;
				CLANG_WARN_ENUM_CONVERSION = YES;
				CLANG_WARN_INFINITE_RECURSION = YES;
				CLANG_WARN_INT_CONVERSION = YES;
				CLANG_WARN_NON_LITERAL_NULL_CONVERSION = YES;
				CLANG_WARN_OBJC_IMPLICIT_RETAIN_SELF = YES;
				CLANG_WARN_OBJC_LITERAL_CONVERSION = YES;
				CLANG_WARN_OBJC_ROOT_CLASS = YES_ERROR;
				CLANG_WARN_QUOTED_INCLUDE_IN_FRAMEWORK_HEADER = YES;
				CLANG_WARN_RANGE_LOOP_ANALYSIS = YES;
				CLANG_WARN_STRICT_PROTOTYPES = YES;
				CLANG_WARN_SUSPICIOUS_MOVE = YES;
				CLANG_WARN_UNGUARDED_AVAILABILITY = YES_AGGRESSIVE;
				CLANG_WARN_UNREACHABLE_CODE = YES;
				CLANG_WARN__DUPLICATE_METHOD_MATCH = YES;
				COPY_PHASE_STRIP = NO;
				DEBUG_INFORMATION_FORMAT = dwarf;
				ENABLE_STRICT_OBJC_MSGSEND = YES;
				ENABLE_TESTABILITY = YES;
				GCC_C_LANGUAGE_STANDARD = gnu11;
				GCC_DYNAMIC_NO_PIC = NO;
				GCC_NO_COMMON_BLOCKS = YES;
				GCC_OPTIMIZATION_LEVEL = 0;
				GCC_PREPROCESSOR_DEFINITIONS = (
					"$(inherited)",
					"DEBUG=1",
				);
				GCC_WARN_64_TO_32_BIT_CONVERSION = YES;
				GCC_WARN_ABOUT_RETURN_TYPE = YES_ERROR;
				GCC_WARN_UNDECLARED_SELECTOR = YES;
				GCC_WARN_UNINITIALIZED_AUTOS = YES_AGGRESSIVE;
				GCC_WARN_UNUSED_FUNCTION = YES;
				GCC_WARN_UNUSED_VARIABLE = YES;
				IPHONEOS_DEPLOYMENT_TARGET = 16.0;
				MTL_ENABLE_DEBUG_INFO = INCLUDE_SOURCE;
				MTL_FAST_MATH = YES;
				ONLY_ACTIVE_ARCH = YES;
				PRODUCT_NAME = "$(TARGET_NAME)";
				SDKROOT = iphoneos;
				SWIFT_ACTIVE_COMPILATION_CONDITIONS = DEBUG;
				SWIFT_OPTIMIZATION_LEVEL = "-Onone";
				SWIFT_VERSION = 5.0;
			};
			name = Debug;
		};
		7BA56A9CA394D1C2AC77F165 /* Release */ = {
			isa = XCBuildConfiguration;
			buildSettings = {
				ASSETCATALOG_COMPILER_APPICON_NAME = AppIcon;
				CODE_SIGN_ENTITLEMENTS = NeutrinoCalendar/NeutrinoCalendar.entitlements;
				CODE_SIGN_IDENTITY = "iPhone Developer";
				CODE_SIGN_STYLE = Automatic;
				CURRENT_PROJECT_VERSION = 1;
				DEVELOPMENT_TEAM = 46KWJJ63FU;
				INFOPLIST_FILE = NeutrinoCalendar/Info.plist;
				IPHONEOS_DEPLOYMENT_TARGET = 16.0;
				LD_RUNPATH_SEARCH_PATHS = (
					"$(inherited)",
					"@executable_path/Frameworks",
				);
				MARKETING_VERSION = 0.1.0;
				PRODUCT_BUNDLE_IDENTIFIER = com.neutrino.calendar;
				SDKROOT = iphoneos;
				SWIFT_VERSION = 5.0;
				TARGETED_DEVICE_FAMILY = "1,2";
			};
			name = Release;
		};
		7C37884DC078EE7F623A8746 /* Release */ = {
			isa = XCBuildConfiguration;
			buildSettings = {
				ALWAYS_SEARCH_USER_PATHS = NO;
				CLANG_ANALYZER_NONNULL = YES;
				CLANG_ANALYZER_NUMBER_OBJECT_CONVERSION = YES_AGGRESSIVE;
				CLANG_CXX_LANGUAGE_STANDARD = "gnu++14";
				CLANG_CXX_LIBRARY = "libc++";
				CLANG_ENABLE_MODULES = YES;
				CLANG_ENABLE_OBJC_ARC = YES;
				CLANG_ENABLE_OBJC_WEAK = YES;
				CLANG_WARN_BLOCK_CAPTURE_AUTORELEASING = YES;
				CLANG_WARN_BOOL_CONVERSION = YES;
				CLANG_WARN_COMMA = YES;
				CLANG_WARN_CONSTANT_CONVERSION = YES;
				CLANG_WARN_DEPRECATED_OBJC_IMPLEMENTATIONS = YES;
				CLANG_WARN_DIRECT_OBJC_ISA_USAGE = YES_ERROR;
				CLANG_WARN_DOCUMENTATION_COMMENTS = YES;
				CLANG_WARN_EMPTY_BODY = YES;
				CLANG_WARN_ENUM_CONVERSION = YES;
				CLANG_WARN_INFINITE_RECURSION = YES;
				CLANG_WARN_INT_CONVERSION = YES;
				CLANG_WARN_NON_LITERAL_NULL_CONVERSION = YES;
				CLANG_WARN_OBJC_IMPLICIT_RETAIN_SELF = YES;
				CLANG_WARN_OBJC_LITERAL_CONVERSION = YES;
				CLANG_WARN_OBJC_ROOT_CLASS = YES_ERROR;
				CLANG_WARN_QUOTED_INCLUDE_IN_FRAMEWORK_HEADER = YES;
				CLANG_WARN_RANGE_LOOP_ANALYSIS = YES;
				CLANG_WARN_STRICT_PROTOTYPES = YES;
				CLANG_WARN_SUSPICIOUS_MOVE = YES;
				CLANG_WARN_UNGUARDED_AVAILABILITY = YES_AGGRESSIVE;
				CLANG_WARN_UNREACHABLE_CODE = YES;
				CLANG_WARN__DUPLICATE_METHOD_MATCH = YES;
				COPY_PHASE_STRIP = NO;
				DEBUG_INFORMATION_FORMAT = "dwarf-with-dsym";
				ENABLE_NS_ASSERTIONS = NO;
				ENABLE_STRICT_OBJC_MSGSEND = YES;
				GCC_C_LANGUAGE_STANDARD = gnu11;
				GCC_NO_COMMON_BLOCKS = YES;
				GCC_WARN_64_TO_32_BIT_CONVERSION = YES;
				GCC_WARN_ABOUT_RETURN_TYPE = YES_ERROR;
				GCC_WARN_UNDECLARED_SELECTOR = YES;
				GCC_WARN_UNINITIALIZED_AUTOS = YES_AGGRESSIVE;
				GCC_WARN_UNUSED_FUNCTION = YES;
				GCC_WARN_UNUSED_VARIABLE = YES;
				IPHONEOS_DEPLOYMENT_TARGET = 16.0;
				MTL_ENABLE_DEBUG_INFO = NO;
				MTL_FAST_MATH = YES;
				PRODUCT_NAME = "$(TARGET_NAME)";
				SDKROOT = iphoneos;
				SWIFT_COMPILATION_MODE = wholemodule;
				SWIFT_OPTIMIZATION_LEVEL = "-O";
				SWIFT_VERSION = 5.0;
			};
			name = Release;
		};
		84ECFBD76D14AB23A5DBB2D5 /* Debug */ = {
			isa = XCBuildConfiguration;
			buildSettings = {
				ASSETCATALOG_COMPILER_APPICON_NAME = AppIcon;
				CODE_SIGN_ENTITLEMENTS = NeutrinoCalendar/NeutrinoCalendar.entitlements;
				CODE_SIGN_IDENTITY = "iPhone Developer";
				CODE_SIGN_STYLE = Automatic;
				CURRENT_PROJECT_VERSION = 1;
				DEVELOPMENT_TEAM = 46KWJJ63FU;
				INFOPLIST_FILE = NeutrinoCalendar/Info.plist;
				IPHONEOS_DEPLOYMENT_TARGET = 16.0;
				LD_RUNPATH_SEARCH_PATHS = (
					"$(inherited)",
					"@executable_path/Frameworks",
				);
				MARKETING_VERSION = 0.1.0;
				PRODUCT_BUNDLE_IDENTIFIER = com.neutrino.calendar;
				SDKROOT = iphoneos;
				SWIFT_VERSION = 5.0;
				TARGETED_DEVICE_FAMILY = "1,2";
			};
			name = Debug;
		};
		9EB8E88BC6A621FDFE81A320 /* Release */ = {
			isa = XCBuildConfiguration;
			buildSettings = {
				BUNDLE_LOADER = "$(TEST_HOST)";
				GENERATE_INFOPLIST_FILE = YES;
				IPHONEOS_DEPLOYMENT_TARGET = 16.0;
				LD_RUNPATH_SEARCH_PATHS = (
					"$(inherited)",
					"@executable_path/Frameworks",
					"@loader_path/Frameworks",
				);
				PRODUCT_BUNDLE_IDENTIFIER = com.neutrino.NeutrinoCalendarTests;
				SDKROOT = iphoneos;
				SWIFT_STRICT_CONCURRENCY = minimal;
				SWIFT_VERSION = 5.0;
				TARGETED_DEVICE_FAMILY = "1,2";
				TEST_HOST = "$(BUILT_PRODUCTS_DIR)/NeutrinoCalendar.app/NeutrinoCalendar";
			};
			name = Release;
		};
/* End XCBuildConfiguration section */

/* Begin XCConfigurationList section */
		5F7C3E50A1CF18DB0255EFF4 /* Build configuration list for PBXProject "NeutrinoCalendar" */ = {
			isa = XCConfigurationList;
			buildConfigurations = (
				57E95955FFC2830E8346916C /* Debug */,
				7C37884DC078EE7F623A8746 /* Release */,
			);
			defaultConfigurationIsVisible = 0;
			defaultConfigurationName = Debug;
		};
		C080798282A5FEA39856C068 /* Build configuration list for PBXNativeTarget "NeutrinoCalendar" */ = {
			isa = XCConfigurationList;
			buildConfigurations = (
				84ECFBD76D14AB23A5DBB2D5 /* Debug */,
				7BA56A9CA394D1C2AC77F165 /* Release */,
			);
			defaultConfigurationIsVisible = 0;
			defaultConfigurationName = Debug;
		};
		C27DA49D044B9F911C07865B /* Build configuration list for PBXNativeTarget "NeutrinoCalendarTests" */ = {
			isa = XCConfigurationList;
			buildConfigurations = (
				28243D214E52185804E5059E /* Debug */,
				9EB8E88BC6A621FDFE81A320 /* Release */,
			);
			defaultConfigurationIsVisible = 0;
			defaultConfigurationName = Debug;
		};
/* End XCConfigurationList section */

/* Begin XCLocalSwiftPackageReference section */
		D09EC7B28C029B28E9AF885F /* XCLocalSwiftPackageReference "../neutrino_shared_ios" */ = {
			isa = XCLocalSwiftPackageReference;
			relativePath = ../neutrino_shared_ios;
		};
/* End XCLocalSwiftPackageReference section */

/* Begin XCSwiftPackageProductDependency section */
		20CD14C92E6EF8CD50ABD24A /* NeutrinoAuth */ = {
			isa = XCSwiftPackageProductDependency;
			productName = NeutrinoAuth;
		};
		B6A55CBE3D0012AE9B33EF9B /* NeutrinoUI */ = {
			isa = XCSwiftPackageProductDependency;
			productName = NeutrinoUI;
		};
		F09C72A306B3DB398526B07D /* NeutrinoCore */ = {
			isa = XCSwiftPackageProductDependency;
			productName = NeutrinoCore;
		};
/* End XCSwiftPackageProductDependency section */
	};
	rootObject = 1AC725E055985010D617B1F9 /* Project object */;
}
